{
  "name": "vue3-vant",
  "lockfileVersion": 3,
  "requires": true,
  "packages": {
    "": {
      "dependencies": {
        "@vant/touch-emulator": "^1.4.0"
      }
    },
    "node_modules/@vant/touch-emulator": {
      "version": "1.4.0",
      "resolved": "https://registry.npmjs.org/@vant/touch-emulator/-/touch-emulator-1.4.0.tgz",
      "integrity": "sha512-Zt+zISV0+wpOew2S1siOJ3G22y+hapHAKmXM+FhpvWzsRc4qahaYXatCAITuuXt0EcDp7WvEeTO4F7p9AtX/pw==",
      "license": "MIT"
    }
  }
}
